
Microsoft Visual Studio Solution File, Format Version 12.00
# Visual Studio Version 17
VisualStudioVersion = 17.3.32825.248
MinimumVisualStudioVersion = 10.0.40219.1
Project("{FAE04EC0-301F-11D3-BF4B-00C04F79EFBC}") = "GuidedPractice 1.4", "GuidedPractice 1.4\GuidedPractice 1.4.csproj", "{BC9C3A78-1C75-4C82-830D-9A913B12A167}"
EndProject
Global
	GlobalSection(SolutionConfigurationPlatforms) = preSolution
		Debug|Any CPU = Debug|Any CPU
		Release|Any CPU = Release|Any CPU
	EndGlobalSection
	GlobalSection(ProjectConfigurationPlatforms) = postSolution
		{BC9C3A78-1C75-4C82-830D-9A913B12A167}.Debug|Any CPU.ActiveCfg = Debug|Any CPU
		{BC9C3A78-1C75-4C82-830D-9A913B12A167}.Debug|Any CPU.Build.0 = Debug|Any CPU
		{BC9C3A78-1C75-4C82-830D-9A913B12A167}.Release|Any CPU.ActiveCfg = Release|Any CPU
		{BC9C3A78-1C75-4C82-830D-9A913B12A167}.Release|Any CPU.Build.0 = Release|Any CPU
	EndGlobalSection
	GlobalSection(SolutionProperties) = preSolution
		HideSolutionNode = FALSE
	EndGlobalSection
	GlobalSection(ExtensibilityGlobals) = postSolution
		SolutionGuid = {8645B80D-3E6D-48C9-89AC-8D2A6D609604}
	EndGlobalSection
EndGlobal
