
Microsoft Visual Studio Solution File, Format Version 12.00
# Visual Studio Version 17
VisualStudioVersion = 17.3.32825.248
MinimumVisualStudioVersion = 10.0.40219.1
Project("{FAE04EC0-301F-11D3-BF4B-00C04F79EFBC}") = "GP2.4CounterControlledLoops", "GP2.4CounterControlledLoops\GP2.4CounterControlledLoops.csproj", "{4AE0CB50-BDB8-423E-9CA1-66BD1F7D6738}"
EndProject
Global
	GlobalSection(SolutionConfigurationPlatforms) = preSolution
		Debug|Any CPU = Debug|Any CPU
		Release|Any CPU = Release|Any CPU
	EndGlobalSection
	GlobalSection(ProjectConfigurationPlatforms) = postSolution
		{4AE0CB50-BDB8-423E-9CA1-66BD1F7D6738}.Debug|Any CPU.ActiveCfg = Debug|Any CPU
		{4AE0CB50-BDB8-423E-9CA1-66BD1F7D6738}.Debug|Any CPU.Build.0 = Debug|Any CPU
		{4AE0CB50-BDB8-423E-9CA1-66BD1F7D6738}.Release|Any CPU.ActiveCfg = Release|Any CPU
		{4AE0CB50-BDB8-423E-9CA1-66BD1F7D6738}.Release|Any CPU.Build.0 = Release|Any CPU
	EndGlobalSection
	GlobalSection(SolutionProperties) = preSolution
		HideSolutionNode = FALSE
	EndGlobalSection
	GlobalSection(ExtensibilityGlobals) = postSolution
		SolutionGuid = {02BD15A3-41B6-4B0A-8A23-33E256FA2111}
	EndGlobalSection
EndGlobal
