
Microsoft Visual Studio Solution File, Format Version 12.00
# Visual Studio Version 17
VisualStudioVersion = 17.3.32825.248
MinimumVisualStudioVersion = 10.0.40219.1
Project("{FAE04EC0-301F-11D3-BF4B-00C04F79EFBC}") = "Math Operators", "Math Operators\Math Operators.csproj", "{4A979D7D-DC9E-4234-8579-9944C8C1060F}"
EndProject
Global
	GlobalSection(SolutionConfigurationPlatforms) = preSolution
		Debug|Any CPU = Debug|Any CPU
		Release|Any CPU = Release|Any CPU
	EndGlobalSection
	GlobalSection(ProjectConfigurationPlatforms) = postSolution
		{4A979D7D-DC9E-4234-8579-9944C8C1060F}.Debug|Any CPU.ActiveCfg = Debug|Any CPU
		{4A979D7D-DC9E-4234-8579-9944C8C1060F}.Debug|Any CPU.Build.0 = Debug|Any CPU
		{4A979D7D-DC9E-4234-8579-9944C8C1060F}.Release|Any CPU.ActiveCfg = Release|Any CPU
		{4A979D7D-DC9E-4234-8579-9944C8C1060F}.Release|Any CPU.Build.0 = Release|Any CPU
	EndGlobalSection
	GlobalSection(SolutionProperties) = preSolution
		HideSolutionNode = FALSE
	EndGlobalSection
	GlobalSection(ExtensibilityGlobals) = postSolution
		SolutionGuid = {D90CB515-72DB-4F15-8C35-DC3AE878C5D9}
	EndGlobalSection
EndGlobal
